
Microsoft Visual Studio Solution File, Format Version 12.00
# Visual Studio Version 17
VisualStudioVersion = 17.6.33801.468
MinimumVisualStudioVersion = 10.0.40219.1
Project("{FAE04EC0-301F-11D3-BF4B-00C04F79EFBC}") = "BinaryTree", "BinaryTree\BinaryTree.csproj", "{8A28A290-03D3-4FD4-97F9-A9D9B22EB6B1}"
EndProject
Global
	GlobalSection(SolutionConfigurationPlatforms) = preSolution
		Debug|Any CPU = Debug|Any CPU
		Release|Any CPU = Release|Any CPU
	EndGlobalSection
	GlobalSection(ProjectConfigurationPlatforms) = postSolution
		{8A28A290-03D3-4FD4-97F9-A9D9B22EB6B1}.Debug|Any CPU.ActiveCfg = Debug|Any CPU
		{8A28A290-03D3-4FD4-97F9-A9D9B22EB6B1}.Debug|Any CPU.Build.0 = Debug|Any CPU
		{8A28A290-03D3-4FD4-97F9-A9D9B22EB6B1}.Release|Any CPU.ActiveCfg = Release|Any CPU
		{8A28A290-03D3-4FD4-97F9-A9D9B22EB6B1}.Release|Any CPU.Build.0 = Release|Any CPU
	EndGlobalSection
	GlobalSection(SolutionProperties) = preSolution
		HideSolutionNode = FALSE
	EndGlobalSection
	GlobalSection(ExtensibilityGlobals) = postSolution
		SolutionGuid = {91B226E5-28F6-4EA2-9E6E-52FCE87074F9}
	EndGlobalSection
EndGlobal
